lockfileVersion: "0.1"
installDir: .agents/skills
linkTargets:
  - .cursor/skills
skills:
  rspress-custom-theme:
    specifier: https://github.com/rstackjs/agent-skills.git#path:/skills/rspress-custom-theme
    resolution:
      type: git
      url: https://github.com/rstackjs/agent-skills.git
      commit: cf792a400cca4c3971e4b5d4fe73abe11f213381
      path: /skills/rspress-custom-theme
    digest: sha256-25a2da9d60fbdd74f72f547327468443f6f3de9045bdfd9ee539aa1c4dee761b
